{
    "_meta": {
        "hash": {
            "sha256": "fc79ab41e5e11e32ff55888a7657f4bd95fb0fc7322ada8d49f7f3ca38cfcfe8"
        },
        "pipfile-spec": 6,
        "requires": {
            "python_version": "3.12.5"
        },
        "sources": [
            {
                "name": "pypi",
                "url": "https://pypi.org/simple",
                "verify_ssl": true
            }
        ]
    },
    "default": {},
    "develop": {}
}
